// !$*UTF8*$!
{
	archiveVersion = 1;
	classes = {
	};
	objectVersion = 56;
	objects = {

/* Begin PBXBuildFile section */
		83C59F8F2D2C0994001A26D4 /* MoonshotApp.swift in Sources */ = {isa = PBXBuildFile; fileRef = 83C59F8E2D2C0994001A26D4 /* MoonshotApp.swift */; };
		83C59F912D2C0994001A26D4 /* ContentView.swift in Sources */ = {isa = PBXBuildFile; fileRef = 83C59F902D2C0994001A26D4 /* ContentView.swift */; };
		83C59F932D2C0995001A26D4 /* Assets.xcassets in Resources */ = {isa = PBXBuildFile; fileRef = 83C59F922D2C0995001A26D4 /* Assets.xcassets */; };
		83C59F962D2C0995001A26D4 /* Preview Assets.xcassets in Resources */ = {isa = PBXBuildFile; fileRef = 83C59F952D2C0995001A26D4 /* Preview Assets.xcassets */; };
		83C59F9D2D2C6C57001A26D4 /* missions.json in Resources */ = {isa = PBXBuildFile; fileRef = 83C59F9C2D2C6C56001A26D4 /* missions.json */; };
		83C59F9F2D2C6C63001A26D4 /* astronauts.json in Resources */ = {isa = PBXBuildFile; fileRef = 83C59F9E2D2C6C63001A26D4 /* astronauts.json */; };
		83C59FA12D2C6CCD001A26D4 /* Astronaut.swift in Sources */ = {isa = PBXBuildFile; fileRef = 83C59FA02D2C6CCD001A26D4 /* Astronaut.swift */; };
		83C59FA32D369AE1001A26D4 /* Bunndle-Decodabla.swift in Sources */ = {isa = PBXBuildFile; fileRef = 83C59FA22D369AE1001A26D4 /* Bunndle-Decodabla.swift */; };
		83C59FA52D36A915001A26D4 /* mission.swift in Sources */ = {isa = PBXBuildFile; fileRef = 83C59FA42D36A915001A26D4 /* mission.swift */; };
		83C59FA72D36EC9C001A26D4 /* Color-theme.swift in Sources */ = {isa = PBXBuildFile; fileRef = 83C59FA62D36EC9C001A26D4 /* Color-theme.swift */; };
		83C59FA92D3857D3001A26D4 /* MissionView.swift in Sources */ = {isa = PBXBuildFile; fileRef = 83C59FA82D3857D3001A26D4 /* MissionView.swift */; };
		83C59FAB2D47D5AA001A26D4 /* AstronautView.swift in Sources */ = {isa = PBXBuildFile; fileRef = 83C59FAA2D47D5AA001A26D4 /* AstronautView.swift */; };
		83C59FAD2D48F4DE001A26D4 /* GridLayout.swift in Sources */ = {isa = PBXBuildFile; fileRef = 83C59FAC2D48F4DE001A26D4 /* GridLayout.swift */; };
		83C59FAF2D48F6A0001A26D4 /* ListLayout.swift in Sources */ = {isa = PBXBuildFile; fileRef = 83C59FAE2D48F6A0001A26D4 /* ListLayout.swift */; };
/* End PBXBuildFile section */

/* Begin PBXFileReference section */
		83C59F8B2D2C0994001A26D4 /* Moonshot.app */ = {isa = PBXFileReference; explicitFileType = wrapper.application; includeInIndex = 0; path = Moonshot.app; sourceTree = BUILT_PRODUCTS_DIR; };
		83C59F8E2D2C0994001A26D4 /* MoonshotApp.swift */ = {isa = PBXFileReference; lastKnownFileType = sourcecode.swift; path = MoonshotApp.swift; sourceTree = "<group>"; };
		83C59F902D2C0994001A26D4 /* ContentView.swift */ = {isa = PBXFileReference; lastKnownFileType = sourcecode.swift; path = ContentView.swift; sourceTree = "<group>"; };
		83C59F922D2C0995001A26D4 /* Assets.xcassets */ = {isa = PBXFileReference; lastKnownFileType = folder.assetcatalog; path = Assets.xcassets; sourceTree = "<group>"; };
		83C59F952D2C0995001A26D4 /* Preview Assets.xcassets */ = {isa = PBXFileReference; lastKnownFileType = folder.assetcatalog; path = "Preview Assets.xcassets"; sourceTree = "<group>"; };
		83C59F9C2D2C6C56001A26D4 /* missions.json */ = {isa = PBXFileReference; fileEncoding = 4; lastKnownFileType = text.json; path = missions.json; sourceTree = "<group>"; };
		83C59F9E2D2C6C63001A26D4 /* astronauts.json */ = {isa = PBXFileReference; fileEncoding = 4; lastKnownFileType = text.json; path = astronauts.json; sourceTree = "<group>"; };
		83C59FA02D2C6CCD001A26D4 /* Astronaut.swift */ = {isa = PBXFileReference; lastKnownFileType = sourcecode.swift; path = Astronaut.swift; sourceTree = "<group>"; };
		83C59FA22D369AE1001A26D4 /* Bunndle-Decodabla.swift */ = {isa = PBXFileReference; lastKnownFileType = sourcecode.swift; path = "Bunndle-Decodabla.swift"; sourceTree = "<group>"; };
		83C59FA42D36A915001A26D4 /* mission.swift */ = {isa = PBXFileReference; lastKnownFileType = sourcecode.swift; path = mission.swift; sourceTree = "<group>"; };
		83C59FA62D36EC9C001A26D4 /* Color-theme.swift */ = {isa = PBXFileReference; lastKnownFileType = sourcecode.swift; path = "Color-theme.swift"; sourceTree = "<group>"; };
		83C59FA82D3857D3001A26D4 /* MissionView.swift */ = {isa = PBXFileReference; lastKnownFileType = sourcecode.swift; path = MissionView.swift; sourceTree = "<group>"; };
		83C59FAA2D47D5AA001A26D4 /* AstronautView.swift */ = {isa = PBXFileReference; lastKnownFileType = sourcecode.swift; path = AstronautView.swift; sourceTree = "<group>"; };
		83C59FAC2D48F4DE001A26D4 /* GridLayout.swift */ = {isa = PBXFileReference; lastKnownFileType = sourcecode.swift; path = GridLayout.swift; sourceTree = "<group>"; };
		83C59FAE2D48F6A0001A26D4 /* ListLayout.swift */ = {isa = PBXFileReference; lastKnownFileType = sourcecode.swift; path = ListLayout.swift; sourceTree = "<group>"; };
/* End PBXFileReference section */

/* Begin PBXFrameworksBuildPhase section */
		83C59F882D2C0994001A26D4 /* Frameworks */ = {
			isa = PBXFrameworksBuildPhase;
			buildActionMask = 2147483647;
			files = (
			);
			runOnlyForDeploymentPostprocessing = 0;
		};
/* End PBXFrameworksBuildPhase section */

/* Begin PBXGroup section */
		83C59F822D2C0994001A26D4 = {
			isa = PBXGroup;
			children = (
				83C59F8D2D2C0994001A26D4 /* Moonshot */,
				83C59F8C2D2C0994001A26D4 /* Products */,
			);
			sourceTree = "<group>";
		};
		83C59F8C2D2C0994001A26D4 /* Products */ = {
			isa = PBXGroup;
			children = (
				83C59F8B2D2C0994001A26D4 /* Moonshot.app */,
			);
			name = Products;
			sourceTree = "<group>";
		};
		83C59F8D2D2C0994001A26D4 /* Moonshot */ = {
			isa = PBXGroup;
			children = (
				83C59F8E2D2C0994001A26D4 /* MoonshotApp.swift */,
				83C59F902D2C0994001A26D4 /* ContentView.swift */,
				83C59FAC2D48F4DE001A26D4 /* GridLayout.swift */,
				83C59FA82D3857D3001A26D4 /* MissionView.swift */,
				83C59FAE2D48F6A0001A26D4 /* ListLayout.swift */,
				83C59FAA2D47D5AA001A26D4 /* AstronautView.swift */,
				83C59FA62D36EC9C001A26D4 /* Color-theme.swift */,
				83C59F9E2D2C6C63001A26D4 /* astronauts.json */,
				83C59FA02D2C6CCD001A26D4 /* Astronaut.swift */,
				83C59FA22D369AE1001A26D4 /* Bunndle-Decodabla.swift */,
				83C59F9C2D2C6C56001A26D4 /* missions.json */,
				83C59FA42D36A915001A26D4 /* mission.swift */,
				83C59F922D2C0995001A26D4 /* Assets.xcassets */,
				83C59F942D2C0995001A26D4 /* Preview Content */,
			);
			path = Moonshot;
			sourceTree = "<group>";
		};
		83C59F942D2C0995001A26D4 /* Preview Content */ = {
			isa = PBXGroup;
			children = (
				83C59F952D2C0995001A26D4 /* Preview Assets.xcassets */,
			);
			path = "Preview Content";
			sourceTree = "<group>";
		};
/* End PBXGroup section */

/* Begin PBXNativeTarget section */
		83C59F8A2D2C0994001A26D4 /* Moonshot */ = {
			isa = PBXNativeTarget;
			buildConfigurationList = 83C59F992D2C0995001A26D4 /* Build configuration list for PBXNativeTarget "Moonshot" */;
			buildPhases = (
				83C59F872D2C0994001A26D4 /* Sources */,
				83C59F882D2C0994001A26D4 /* Frameworks */,
				83C59F892D2C0994001A26D4 /* Resources */,
			);
			buildRules = (
			);
			dependencies = (
			);
			name = Moonshot;
			productName = Moonshot;
			productReference = 83C59F8B2D2C0994001A26D4 /* Moonshot.app */;
			productType = "com.apple.product-type.application";
		};
/* End PBXNativeTarget section */

/* Begin PBXProject section */
		83C59F832D2C0994001A26D4 /* Project object */ = {
			isa = PBXProject;
			attributes = {
				BuildIndependentTargetsInParallel = 1;
				LastSwiftUpdateCheck = 1540;
				LastUpgradeCheck = 1540;
				TargetAttributes = {
					83C59F8A2D2C0994001A26D4 = {
						CreatedOnToolsVersion = 15.4;
					};
				};
			};
			buildConfigurationList = 83C59F862D2C0994001A26D4 /* Build configuration list for PBXProject "Moonshot" */;
			compatibilityVersion = "Xcode 14.0";
			developmentRegion = en;
			hasScannedForEncodings = 0;
			knownRegions = (
				en,
				Base,
			);
			mainGroup = 83C59F822D2C0994001A26D4;
			productRefGroup = 83C59F8C2D2C0994001A26D4 /* Products */;
			projectDirPath = "";
			projectRoot = "";
			targets = (
				83C59F8A2D2C0994001A26D4 /* Moonshot */,
			);
		};
/* End PBXProject section */

/* Begin PBXResourcesBuildPhase section */
		83C59F892D2C0994001A26D4 /* Resources */ = {
			isa = PBXResourcesBuildPhase;
			buildActionMask = 2147483647;
			files = (
				83C59F962D2C0995001A26D4 /* Preview Assets.xcassets in Resources */,
				83C59F9D2D2C6C57001A26D4 /* missions.json in Resources */,
				83C59F932D2C0995001A26D4 /* Assets.xcassets in Resources */,
				83C59F9F2D2C6C63001A26D4 /* astronauts.json in Resources */,
			);
			runOnlyForDeploymentPostprocessing = 0;
		};
/* End PBXResourcesBuildPhase section */

/* Begin PBXSourcesBuildPhase section */
		83C59F872D2C0994001A26D4 /* Sources */ = {
			isa = PBXSourcesBuildPhase;
			buildActionMask = 2147483647;
			files = (
				83C59FA92D3857D3001A26D4 /* MissionView.swift in Sources */,
				83C59FA12D2C6CCD001A26D4 /* Astronaut.swift in Sources */,
				83C59FAB2D47D5AA001A26D4 /* AstronautView.swift in Sources */,
				83C59FAF2D48F6A0001A26D4 /* ListLayout.swift in Sources */,
				83C59FA72D36EC9C001A26D4 /* Color-theme.swift in Sources */,
				83C59F912D2C0994001A26D4 /* ContentView.swift in Sources */,
				83C59FA32D369AE1001A26D4 /* Bunndle-Decodabla.swift in Sources */,
				83C59FAD2D48F4DE001A26D4 /* GridLayout.swift in Sources */,
				83C59F8F2D2C0994001A26D4 /* MoonshotApp.swift in Sources */,
				83C59FA52D36A915001A26D4 /* mission.swift in Sources */,
			);
			runOnlyForDeploymentPostprocessing = 0;
		};
/* End PBXSourcesBuildPhase section */

/* Begin XCBuildConfiguration section */
		83C59F972D2C0995001A26D4 /* Debug */ = {
			isa = XCBuildConfiguration;
			buildSettings = {
				ALWAYS_SEARCH_USER_PATHS = NO;
				ASSETCATALOG_COMPILER_GENERATE_SWIFT_ASSET_SYMBOL_EXTENSIONS = YES;
				CLANG_ANALYZER_NONNULL = YES;
				CLANG_ANALYZER_NUMBER_OBJECT_CONVERSION = YES_AGGRESSIVE;
				CLANG_CXX_LANGUAGE_STANDARD = "gnu++20";
				CLANG_ENABLE_MODULES = YES;
				CLANG_ENABLE_OBJC_ARC = YES;
				CLANG_ENABLE_OBJC_WEAK = YES;
				CLANG_WARN_BLOCK_CAPTURE_AUTORELEASING = YES;
				CLANG_WARN_BOOL_CONVERSION = YES;
				CLANG_WARN_COMMA = YES;
				CLANG_WARN_CONSTANT_CONVERSION = YES;
				CLANG_WARN_DEPRECATED_OBJC_IMPLEMENTATIONS = YES;
				CLANG_WARN_DIRECT_OBJC_ISA_USAGE = YES_ERROR;
				CLANG_WARN_DOCUMENTATION_COMMENTS = YES;
				CLANG_WARN_EMPTY_BODY = YES;
				CLANG_WARN_ENUM_CONVERSION = YES;
				CLANG_WARN_INFINITE_RECURSION = YES;
				CLANG_WARN_INT_CONVERSION = YES;
				CLANG_WARN_NON_LITERAL_NULL_CONVERSION = YES;
				CLANG_WARN_OBJC_IMPLICIT_RETAIN_SELF = YES;
				CLANG_WARN_OBJC_LITERAL_CONVERSION = YES;
				CLANG_WARN_OBJC_ROOT_CLASS = YES_ERROR;
				CLANG_WARN_QUOTED_INCLUDE_IN_FRAMEWORK_HEADER = YES;
				CLANG_WARN_RANGE_LOOP_ANALYSIS = YES;
				CLANG_WARN_STRICT_PROTOTYPES = YES;
				CLANG_WARN_SUSPICIOUS_MOVE = YES;
				CLANG_WARN_UNGUARDED_AVAILABILITY = YES_AGGRESSIVE;
				CLANG_WARN_UNREACHABLE_CODE = YES;
				CLANG_WARN__DUPLICATE_METHOD_MATCH = YES;
				COPY_PHASE_STRIP = NO;
				DEBUG_INFORMATION_FORMAT = dwarf;
				ENABLE_STRICT_OBJC_MSGSEND = YES;
				ENABLE_TESTABILITY = YES;
				ENABLE_USER_SCRIPT_SANDBOXING = YES;
				GCC_C_LANGUAGE_STANDARD = gnu17;
				GCC_DYNAMIC_NO_PIC = NO;
				GCC_NO_COMMON_BLOCKS = YES;
				GCC_OPTIMIZATION_LEVEL = 0;
				GCC_PREPROCESSOR_DEFINITIONS = (
					"DEBUG=1",
					"$(inherited)",
				);
				GCC_WARN_64_TO_32_BIT_CONVERSION = YES;
				GCC_WARN_ABOUT_RETURN_TYPE = YES_ERROR;
				GCC_WARN_UNDECLARED_SELECTOR = YES;
				GCC_WARN_UNINITIALIZED_AUTOS = YES_AGGRESSIVE;
				GCC_WARN_UNUSED_FUNCTION = YES;
				GCC_WARN_UNUSED_VARIABLE = YES;
				IPHONEOS_DEPLOYMENT_TARGET = 17.5;
				LOCALIZATION_PREFERS_STRING_CATALOGS = YES;
				MTL_ENABLE_DEBUG_INFO = INCLUDE_SOURCE;
				MTL_FAST_MATH = YES;
				ONLY_ACTIVE_ARCH = YES;
				SDKROOT = iphoneos;
				SWIFT_ACTIVE_COMPILATION_CONDITIONS = "DEBUG $(inherited)";
				SWIFT_OPTIMIZATION_LEVEL = "-Onone";
			};
			name = Debug;
		};
		83C59F982D2C0995001A26D4 /* Release */ = {
			isa = XCBuildConfiguration;
			buildSettings = {
				ALWAYS_SEARCH_USER_PATHS = NO;
				ASSETCATALOG_COMPILER_GENERATE_SWIFT_ASSET_SYMBOL_EXTENSIONS = YES;
				CLANG_ANALYZER_NONNULL = YES;
				CLANG_ANALYZER_NUMBER_OBJECT_CONVERSION = YES_AGGRESSIVE;
				CLANG_CXX_LANGUAGE_STANDARD = "gnu++20";
				CLANG_ENABLE_MODULES = YES;
				CLANG_ENABLE_OBJC_ARC = YES;
				CLANG_ENABLE_OBJC_WEAK = YES;
				CLANG_WARN_BLOCK_CAPTURE_AUTORELEASING = YES;
				CLANG_WARN_BOOL_CONVERSION = YES;
				CLANG_WARN_COMMA = YES;
				CLANG_WARN_CONSTANT_CONVERSION = YES;
				CLANG_WARN_DEPRECATED_OBJC_IMPLEMENTATIONS = YES;
				CLANG_WARN_DIRECT_OBJC_ISA_USAGE = YES_ERROR;
				CLANG_WARN_DOCUMENTATION_COMMENTS = YES;
				CLANG_WARN_EMPTY_BODY = YES;
				CLANG_WARN_ENUM_CONVERSION = YES;
				CLANG_WARN_INFINITE_RECURSION = YES;
				CLANG_WARN_INT_CONVERSION = YES;
				CLANG_WARN_NON_LITERAL_NULL_CONVERSION = YES;
				CLANG_WARN_OBJC_IMPLICIT_RETAIN_SELF = YES;
				CLANG_WARN_OBJC_LITERAL_CONVERSION = YES;
				CLANG_WARN_OBJC_ROOT_CLASS = YES_ERROR;
				CLANG_WARN_QUOTED_INCLUDE_IN_FRAMEWORK_HEADER = YES;
				CLANG_WARN_RANGE_LOOP_ANALYSIS = YES;
				CLANG_WARN_STRICT_PROTOTYPES = YES;
				CLANG_WARN_SUSPICIOUS_MOVE = YES;
				CLANG_WARN_UNGUARDED_AVAILABILITY = YES_AGGRESSIVE;
				CLANG_WARN_UNREACHABLE_CODE = YES;
				CLANG_WARN__DUPLICATE_METHOD_MATCH = YES;
				COPY_PHASE_STRIP = NO;
				DEBUG_INFORMATION_FORMAT = "dwarf-with-dsym";
				ENABLE_NS_ASSERTIONS = NO;
				ENABLE_STRICT_OBJC_MSGSEND = YES;
				ENABLE_USER_SCRIPT_SANDBOXING = YES;
				GCC_C_LANGUAGE_STANDARD = gnu17;
				GCC_NO_COMMON_BLOCKS = YES;
				GCC_WARN_64_TO_32_BIT_CONVERSION = YES;
				GCC_WARN_ABOUT_RETURN_TYPE = YES_ERROR;
				GCC_WARN_UNDECLARED_SELECTOR = YES;
				GCC_WARN_UNINITIALIZED_AUTOS = YES_AGGRESSIVE;
				GCC_WARN_UNUSED_FUNCTION = YES;
				GCC_WARN_UNUSED_VARIABLE = YES;
				IPHONEOS_DEPLOYMENT_TARGET = 17.5;
				LOCALIZATION_PREFERS_STRING_CATALOGS = YES;
				MTL_ENABLE_DEBUG_INFO = NO;
				MTL_FAST_MATH = YES;
				SDKROOT = iphoneos;
				SWIFT_COMPILATION_MODE = wholemodule;
				VALIDATE_PRODUCT = YES;
			};
			name = Release;
		};
		83C59F9A2D2C0995001A26D4 /* Debug */ = {
			isa = XCBuildConfiguration;
			buildSettings = {
				ASSETCATALOG_COMPILER_APPICON_NAME = AppIcon;
				ASSETCATALOG_COMPILER_GLOBAL_ACCENT_COLOR_NAME = AccentColor;
				CODE_SIGN_STYLE = Automatic;
				CURRENT_PROJECT_VERSION = 1;
				DEVELOPMENT_ASSET_PATHS = "\"Moonshot/Preview Content\"";
				ENABLE_PREVIEWS = YES;
				GENERATE_INFOPLIST_FILE = YES;
				INFOPLIST_KEY_UIApplicationSceneManifest_Generation = YES;
				INFOPLIST_KEY_UIApplicationSupportsIndirectInputEvents = YES;
				INFOPLIST_KEY_UILaunchScreen_Generation = YES;
				INFOPLIST_KEY_UISupportedInterfaceOrientations_iPad = "UIInterfaceOrientationPortrait UIInterfaceOrientationPortraitUpsideDown UIInterfaceOrientationLandscapeLeft UIInterfaceOrientationLandscapeRight";
				INFOPLIST_KEY_UISupportedInterfaceOrientations_iPhone = "UIInterfaceOrientationPortrait UIInterfaceOrientationLandscapeLeft UIInterfaceOrientationLandscapeRight";
				LD_RUNPATH_SEARCH_PATHS = (
					"$(inherited)",
					"@executable_path/Frameworks",
				);
				MARKETING_VERSION = 1.0;
				PRODUCT_BUNDLE_IDENTIFIER = me.Hadi.Kaito.Moonshot;
				PRODUCT_NAME = "$(TARGET_NAME)";
				SWIFT_EMIT_LOC_STRINGS = YES;
				SWIFT_VERSION = 5.0;
				TARGETED_DEVICE_FAMILY = "1,2";
			};
			name = Debug;
		};
		83C59F9B2D2C0995001A26D4 /* Release */ = {
			isa = XCBuildConfiguration;
			buildSettings = {
				ASSETCATALOG_COMPILER_APPICON_NAME = AppIcon;
				ASSETCATALOG_COMPILER_GLOBAL_ACCENT_COLOR_NAME = AccentColor;
				CODE_SIGN_STYLE = Automatic;
				CURRENT_PROJECT_VERSION = 1;
				DEVELOPMENT_ASSET_PATHS = "\"Moonshot/Preview Content\"";
				ENABLE_PREVIEWS = YES;
				GENERATE_INFOPLIST_FILE = YES;
				INFOPLIST_KEY_UIApplicationSceneManifest_Generation = YES;
				INFOPLIST_KEY_UIApplicationSupportsIndirectInputEvents = YES;
				INFOPLIST_KEY_UILaunchScreen_Generation = YES;
				INFOPLIST_KEY_UISupportedInterfaceOrientations_iPad = "UIInterfaceOrientationPortrait UIInterfaceOrientationPortraitUpsideDown UIInterfaceOrientationLandscapeLeft UIInterfaceOrientationLandscapeRight";
				INFOPLIST_KEY_UISupportedInterfaceOrientations_iPhone = "UIInterfaceOrientationPortrait UIInterfaceOrientationLandscapeLeft UIInterfaceOrientationLandscapeRight";
				LD_RUNPATH_SEARCH_PATHS = (
					"$(inherited)",
					"@executable_path/Frameworks",
				);
				MARKETING_VERSION = 1.0;
				PRODUCT_BUNDLE_IDENTIFIER = me.Hadi.Kaito.Moonshot;
				PRODUCT_NAME = "$(TARGET_NAME)";
				SWIFT_EMIT_LOC_STRINGS = YES;
				SWIFT_VERSION = 5.0;
				TARGETED_DEVICE_FAMILY = "1,2";
			};
			name = Release;
		};
/* End XCBuildConfiguration section */

/* Begin XCConfigurationList section */
		83C59F862D2C0994001A26D4 /* Build configuration list for PBXProject "Moonshot" */ = {
			isa = XCConfigurationList;
			buildConfigurations = (
				83C59F972D2C0995001A26D4 /* Debug */,
				83C59F982D2C0995001A26D4 /* Release */,
			);
			defaultConfigurationIsVisible = 0;
			defaultConfigurationName = Release;
		};
		83C59F992D2C0995001A26D4 /* Build configuration list for PBXNativeTarget "Moonshot" */ = {
			isa = XCConfigurationList;
			buildConfigurations = (
				83C59F9A2D2C0995001A26D4 /* Debug */,
				83C59F9B2D2C0995001A26D4 /* Release */,
			);
			defaultConfigurationIsVisible = 0;
			defaultConfigurationName = Release;
		};
/* End XCConfigurationList section */
	};
	rootObject = 83C59F832D2C0994001A26D4 /* Project object */;
}
